
Microsoft Visual Studio Solution File, Format Version 12.00
# Visual Studio 2012
Project("{FAE04EC0-301F-11D3-BF4B-00C04F79EFBC}") = "Roborally.Communication.ServerInterfaces", "Roborally.Communication.ServerInterfaces\Roborally.Communication.ServerInterfaces.csproj", "{F9C0421A-0BE9-46A2-A22E-3AC9889A9D2B}"
EndProject
Project("{FAE04EC0-301F-11D3-BF4B-00C04F79EFBC}") = "Roborally.Server", "Roborally.Server\Roborally.Server.csproj", "{BBD89A0D-26BD-4111-BE68-C44CC10C86A6}"
EndProject
Project("{FAE04EC0-301F-11D3-BF4B-00C04F79EFBC}") = "Roborally.Server.Tests", "Roborally.Server.Tests\Roborally.Server.Tests.csproj", "{C20AA0DF-F8B8-452B-934C-60C3FFD2D55F}"
EndProject
Global
	GlobalSection(SolutionConfigurationPlatforms) = preSolution
		Debug|Any CPU = Debug|Any CPU
		Release|Any CPU = Release|Any CPU
	EndGlobalSection
	GlobalSection(ProjectConfigurationPlatforms) = postSolution
		{F9C0421A-0BE9-46A2-A22E-3AC9889A9D2B}.Debug|Any CPU.ActiveCfg = Debug|Any CPU
		{F9C0421A-0BE9-46A2-A22E-3AC9889A9D2B}.Debug|Any CPU.Build.0 = Debug|Any CPU
		{F9C0421A-0BE9-46A2-A22E-3AC9889A9D2B}.Release|Any CPU.ActiveCfg = Release|Any CPU
		{F9C0421A-0BE9-46A2-A22E-3AC9889A9D2B}.Release|Any CPU.Build.0 = Release|Any CPU
		{BBD89A0D-26BD-4111-BE68-C44CC10C86A6}.Debug|Any CPU.ActiveCfg = Debug|Any CPU
		{BBD89A0D-26BD-4111-BE68-C44CC10C86A6}.Debug|Any CPU.Build.0 = Debug|Any CPU
		{BBD89A0D-26BD-4111-BE68-C44CC10C86A6}.Release|Any CPU.ActiveCfg = Release|Any CPU
		{BBD89A0D-26BD-4111-BE68-C44CC10C86A6}.Release|Any CPU.Build.0 = Release|Any CPU
		{C20AA0DF-F8B8-452B-934C-60C3FFD2D55F}.Debug|Any CPU.ActiveCfg = Debug|Any CPU
		{C20AA0DF-F8B8-452B-934C-60C3FFD2D55F}.Debug|Any CPU.Build.0 = Debug|Any CPU
		{C20AA0DF-F8B8-452B-934C-60C3FFD2D55F}.Release|Any CPU.ActiveCfg = Release|Any CPU
		{C20AA0DF-F8B8-452B-934C-60C3FFD2D55F}.Release|Any CPU.Build.0 = Release|Any CPU
	EndGlobalSection
	GlobalSection(SolutionProperties) = preSolution
		HideSolutionNode = FALSE
	EndGlobalSection
EndGlobal
